
Microsoft Visual Studio Solution File, Format Version 12.00
# Visual Studio Version 17
VisualStudioVersion = 17.5.33414.496
MinimumVisualStudioVersion = 10.0.40219.1
Project("{888888A0-9F3D-457C-B088-3A5042F75D52}") = "Random password generator", "Random password generator\Random password generator.pyproj", "{A53AA75D-4164-4BF5-9BEE-7795F86BA572}"
EndProject
Global
	GlobalSection(SolutionConfigurationPlatforms) = preSolution
		Debug|Any CPU = Debug|Any CPU
		Release|Any CPU = Release|Any CPU
	EndGlobalSection
	GlobalSection(ProjectConfigurationPlatforms) = postSolution
		{A53AA75D-4164-4BF5-9BEE-7795F86BA572}.Debug|Any CPU.ActiveCfg = Debug|Any CPU
		{A53AA75D-4164-4BF5-9BEE-7795F86BA572}.Release|Any CPU.ActiveCfg = Release|Any CPU
	EndGlobalSection
	GlobalSection(SolutionProperties) = preSolution
		HideSolutionNode = FALSE
	EndGlobalSection
	GlobalSection(ExtensibilityGlobals) = postSolution
		SolutionGuid = {A8303027-D9BC-4424-82D5-E1ADAEA660B1}
	EndGlobalSection
EndGlobal
